<Solution>
  <Folder Name="/Material/">
    <Project Path="NotaDoAluno/NotaDoAluno.csproj" Id="a2e02244-3ba0-400f-ba25-8b16538230f1" />
    <Project Path="OlaMundo/OlaMundo.csproj" />
    <Project Path="SaidaDeValoresTabuada/SaidaDeValoresTabuada.csproj" Id="e3761b28-6589-4d63-aadf-378ba47b0347" />
  </Folder>
</Solution>
